// !$*UTF8*$!
{
	archiveVersion = 1;
	classes = {
	};
	objectVersion = 55;
	objects = {

/* Begin PBXBuildFile section */
		354B0AC62927EE6F00F66297 /* Tests_iOS.swift in Sources */ = {isa = PBXBuildFile; fileRef = 354B0AC52927EE6F00F66297 /* Tests_iOS.swift */; };
		354B0AC82927EE6F00F66297 /* Tests_iOSLaunchTests.swift in Sources */ = {isa = PBXBuildFile; fileRef = 354B0AC72927EE6F00F66297 /* Tests_iOSLaunchTests.swift */; };
		354B0AD22927EE6F00F66297 /* Tests_macOS.swift in Sources */ = {isa = PBXBuildFile; fileRef = 354B0AD12927EE6F00F66297 /* Tests_macOS.swift */; };
		354B0AD42927EE6F00F66297 /* Tests_macOSLaunchTests.swift in Sources */ = {isa = PBXBuildFile; fileRef = 354B0AD32927EE6F00F66297 /* Tests_macOSLaunchTests.swift */; };
		354B0AD52927EE6F00F66297 /* Challenge17App.swift in Sources */ = {isa = PBXBuildFile; fileRef = 354B0AAD2927EE6E00F66297 /* Challenge17App.swift */; };
		354B0AD62927EE6F00F66297 /* Challenge17App.swift in Sources */ = {isa = PBXBuildFile; fileRef = 354B0AAD2927EE6E00F66297 /* Challenge17App.swift */; };
		354B0AD72927EE6F00F66297 /* ContentView.swift in Sources */ = {isa = PBXBuildFile; fileRef = 354B0AAE2927EE6E00F66297 /* ContentView.swift */; };
		354B0AD82927EE6F00F66297 /* ContentView.swift in Sources */ = {isa = PBXBuildFile; fileRef = 354B0AAE2927EE6E00F66297 /* ContentView.swift */; };
		354B0AD92927EE6F00F66297 /* Assets.xcassets in Resources */ = {isa = PBXBuildFile; fileRef = 354B0AAF2927EE6F00F66297 /* Assets.xcassets */; };
		354B0ADA2927EE6F00F66297 /* Assets.xcassets in Resources */ = {isa = PBXBuildFile; fileRef = 354B0AAF2927EE6F00F66297 /* Assets.xcassets */; };
/* End PBXBuildFile section */

/* Begin PBXContainerItemProxy section */
		354B0AC22927EE6F00F66297 /* PBXContainerItemProxy */ = {
			isa = PBXContainerItemProxy;
			containerPortal = 354B0AA82927EE6E00F66297 /* Project object */;
			proxyType = 1;
			remoteGlobalIDString = 354B0AB32927EE6F00F66297;
			remoteInfo = "Challenge17 (iOS)";
		};
		354B0ACE2927EE6F00F66297 /* PBXContainerItemProxy */ = {
			isa = PBXContainerItemProxy;
			containerPortal = 354B0AA82927EE6E00F66297 /* Project object */;
			proxyType = 1;
			remoteGlobalIDString = 354B0AB92927EE6F00F66297;
			remoteInfo = "Challenge17 (macOS)";
		};
/* End PBXContainerItemProxy section */

/* Begin PBXFileReference section */
		354B0AAD2927EE6E00F66297 /* Challenge17App.swift */ = {isa = PBXFileReference; lastKnownFileType = sourcecode.swift; path = Challenge17App.swift; sourceTree = "<group>"; };
		354B0AAE2927EE6E00F66297 /* ContentView.swift */ = {isa = PBXFileReference; lastKnownFileType = sourcecode.swift; path = ContentView.swift; sourceTree = "<group>"; };
		354B0AAF2927EE6F00F66297 /* Assets.xcassets */ = {isa = PBXFileReference; lastKnownFileType = folder.assetcatalog; path = Assets.xcassets; sourceTree = "<group>"; };
		354B0AB42927EE6F00F66297 /* Challenge17.app */ = {isa = PBXFileReference; explicitFileType = wrapper.application; includeInIndex = 0; path = Challenge17.app; sourceTree = BUILT_PRODUCTS_DIR; };
		354B0ABA2927EE6F00F66297 /* Challenge17.app */ = {isa = PBXFileReference; explicitFileType = wrapper.application; includeInIndex = 0; path = Challenge17.app; sourceTree = BUILT_PRODUCTS_DIR; };
		354B0ABC2927EE6F00F66297 /* macOS.entitlements */ = {isa = PBXFileReference; lastKnownFileType = text.plist.entitlements; path = macOS.entitlements; sourceTree = "<group>"; };
		354B0AC12927EE6F00F66297 /* Tests iOS.xctest */ = {isa = PBXFileReference; explicitFileType = wrapper.cfbundle; includeInIndex = 0; path = "Tests iOS.xctest"; sourceTree = BUILT_PRODUCTS_DIR; };
		354B0AC52927EE6F00F66297 /* Tests_iOS.swift */ = {isa = PBXFileReference; lastKnownFileType = sourcecode.swift; path = Tests_iOS.swift; sourceTree = "<group>"; };
		354B0AC72927EE6F00F66297 /* Tests_iOSLaunchTests.swift */ = {isa = PBXFileReference; lastKnownFileType = sourcecode.swift; path = Tests_iOSLaunchTests.swift; sourceTree = "<group>"; };
		354B0ACD2927EE6F00F66297 /* Tests macOS.xctest */ = {isa = PBXFileReference; explicitFileType = wrapper.cfbundle; includeInIndex = 0; path = "Tests macOS.xctest"; sourceTree = BUILT_PRODUCTS_DIR; };
		354B0AD12927EE6F00F66297 /* Tests_macOS.swift */ = {isa = PBXFileReference; lastKnownFileType = sourcecode.swift; path = Tests_macOS.swift; sourceTree = "<group>"; };
		354B0AD32927EE6F00F66297 /* Tests_macOSLaunchTests.swift */ = {isa = PBXFileReference; lastKnownFileType = sourcecode.swift; path = Tests_macOSLaunchTests.swift; sourceTree = "<group>"; };
/* End PBXFileReference section */

/* Begin PBXFrameworksBuildPhase section */
		354B0AB12927EE6F00F66297 /* Frameworks */ = {
			isa = PBXFrameworksBuildPhase;
			buildActionMask = 2147483647;
			files = (
			);
			runOnlyForDeploymentPostprocessing = 0;
		};
		354B0AB72927EE6F00F66297 /* Frameworks */ = {
			isa = PBXFrameworksBuildPhase;
			buildActionMask = 2147483647;
			files = (
			);
			runOnlyForDeploymentPostprocessing = 0;
		};
		354B0ABE2927EE6F00F66297 /* Frameworks */ = {
			isa = PBXFrameworksBuildPhase;
			buildActionMask = 2147483647;
			files = (
			);
			runOnlyForDeploymentPostprocessing = 0;
		};
		354B0ACA2927EE6F00F66297 /* Frameworks */ = {
			isa = PBXFrameworksBuildPhase;
			buildActionMask = 2147483647;
			files = (
			);
			runOnlyForDeploymentPostprocessing = 0;
		};
/* End PBXFrameworksBuildPhase section */

/* Begin PBXGroup section */
		354B0AA72927EE6E00F66297 = {
			isa = PBXGroup;
			children = (
				354B0AAC2927EE6E00F66297 /* Shared */,
				354B0ABB2927EE6F00F66297 /* macOS */,
				354B0AC42927EE6F00F66297 /* Tests iOS */,
				354B0AD02927EE6F00F66297 /* Tests macOS */,
				354B0AB52927EE6F00F66297 /* Products */,
			);
			sourceTree = "<group>";
		};
		354B0AAC2927EE6E00F66297 /* Shared */ = {
			isa = PBXGroup;
			children = (
				354B0AAD2927EE6E00F66297 /* Challenge17App.swift */,
				354B0AAE2927EE6E00F66297 /* ContentView.swift */,
				354B0AAF2927EE6F00F66297 /* Assets.xcassets */,
			);
			path = Shared;
			sourceTree = "<group>";
		};
		354B0AB52927EE6F00F66297 /* Products */ = {
			isa = PBXGroup;
			children = (
				354B0AB42927EE6F00F66297 /* Challenge17.app */,
				354B0ABA2927EE6F00F66297 /* Challenge17.app */,
				354B0AC12927EE6F00F66297 /* Tests iOS.xctest */,
				354B0ACD2927EE6F00F66297 /* Tests macOS.xctest */,
			);
			name = Products;
			sourceTree = "<group>";
		};
		354B0ABB2927EE6F00F66297 /* macOS */ = {
			isa = PBXGroup;
			children = (
				354B0ABC2927EE6F00F66297 /* macOS.entitlements */,
			);
			path = macOS;
			sourceTree = "<group>";
		};
		354B0AC42927EE6F00F66297 /* Tests iOS */ = {
			isa = PBXGroup;
			children = (
				354B0AC52927EE6F00F66297 /* Tests_iOS.swift */,
				354B0AC72927EE6F00F66297 /* Tests_iOSLaunchTests.swift */,
			);
			path = "Tests iOS";
			sourceTree = "<group>";
		};
		354B0AD02927EE6F00F66297 /* Tests macOS */ = {
			isa = PBXGroup;
			children = (
				354B0AD12927EE6F00F66297 /* Tests_macOS.swift */,
				354B0AD32927EE6F00F66297 /* Tests_macOSLaunchTests.swift */,
			);
			path = "Tests macOS";
			sourceTree = "<group>";
		};
/* End PBXGroup section */

/* Begin PBXNativeTarget section */
		354B0AB32927EE6F00F66297 /* Challenge17 (iOS) */ = {
			isa = PBXNativeTarget;
			buildConfigurationList = 354B0ADD2927EE6F00F66297 /* Build configuration list for PBXNativeTarget "Challenge17 (iOS)" */;
			buildPhases = (
				354B0AB02927EE6F00F66297 /* Sources */,
				354B0AB12927EE6F00F66297 /* Frameworks */,
				354B0AB22927EE6F00F66297 /* Resources */,
			);
			buildRules = (
			);
			dependencies = (
			);
			name = "Challenge17 (iOS)";
			productName = "Challenge17 (iOS)";
			productReference = 354B0AB42927EE6F00F66297 /* Challenge17.app */;
			productType = "com.apple.product-type.application";
		};
		354B0AB92927EE6F00F66297 /* Challenge17 (macOS) */ = {
			isa = PBXNativeTarget;
			buildConfigurationList = 354B0AE02927EE6F00F66297 /* Build configuration list for PBXNativeTarget "Challenge17 (macOS)" */;
			buildPhases = (
				354B0AB62927EE6F00F66297 /* Sources */,
				354B0AB72927EE6F00F66297 /* Frameworks */,
				354B0AB82927EE6F00F66297 /* Resources */,
			);
			buildRules = (
			);
			dependencies = (
			);
			name = "Challenge17 (macOS)";
			productName = "Challenge17 (macOS)";
			productReference = 354B0ABA2927EE6F00F66297 /* Challenge17.app */;
			productType = "com.apple.product-type.application";
		};
		354B0AC02927EE6F00F66297 /* Tests iOS */ = {
			isa = PBXNativeTarget;
			buildConfigurationList = 354B0AE32927EE6F00F66297 /* Build configuration list for PBXNativeTarget "Tests iOS" */;
			buildPhases = (
				354B0ABD2927EE6F00F66297 /* Sources */,
				354B0ABE2927EE6F00F66297 /* Frameworks */,
				354B0ABF2927EE6F00F66297 /* Resources */,
			);
			buildRules = (
			);
			dependencies = (
				354B0AC32927EE6F00F66297 /* PBXTargetDependency */,
			);
			name = "Tests iOS";
			productName = "Tests iOS";
			productReference = 354B0AC12927EE6F00F66297 /* Tests iOS.xctest */;
			productType = "com.apple.product-type.bundle.ui-testing";
		};
		354B0ACC2927EE6F00F66297 /* Tests macOS */ = {
			isa = PBXNativeTarget;
			buildConfigurationList = 354B0AE62927EE6F00F66297 /* Build configuration list for PBXNativeTarget "Tests macOS" */;
			buildPhases = (
				354B0AC92927EE6F00F66297 /* Sources */,
				354B0ACA2927EE6F00F66297 /* Frameworks */,
				354B0ACB2927EE6F00F66297 /* Resources */,
			);
			buildRules = (
			);
			dependencies = (
				354B0ACF2927EE6F00F66297 /* PBXTargetDependency */,
			);
			name = "Tests macOS";
			productName = "Tests macOS";
			productReference = 354B0ACD2927EE6F00F66297 /* Tests macOS.xctest */;
			productType = "com.apple.product-type.bundle.ui-testing";
		};
/* End PBXNativeTarget section */

/* Begin PBXProject section */
		354B0AA82927EE6E00F66297 /* Project object */ = {
			isa = PBXProject;
			attributes = {
				BuildIndependentTargetsInParallel = 1;
				LastSwiftUpdateCheck = 1320;
				LastUpgradeCheck = 1320;
				TargetAttributes = {
					354B0AB32927EE6F00F66297 = {
						CreatedOnToolsVersion = 13.2.1;
					};
					354B0AB92927EE6F00F66297 = {
						CreatedOnToolsVersion = 13.2.1;
					};
					354B0AC02927EE6F00F66297 = {
						CreatedOnToolsVersion = 13.2.1;
						TestTargetID = 354B0AB32927EE6F00F66297;
					};
					354B0ACC2927EE6F00F66297 = {
						CreatedOnToolsVersion = 13.2.1;
						TestTargetID = 354B0AB92927EE6F00F66297;
					};
				};
			};
			buildConfigurationList = 354B0AAB2927EE6E00F66297 /* Build configuration list for PBXProject "Challenge17" */;
			compatibilityVersion = "Xcode 13.0";
			developmentRegion = en;
			hasScannedForEncodings = 0;
			knownRegions = (
				en,
				Base,
			);
			mainGroup = 354B0AA72927EE6E00F66297;
			productRefGroup = 354B0AB52927EE6F00F66297 /* Products */;
			projectDirPath = "";
			projectRoot = "";
			targets = (
				354B0AB32927EE6F00F66297 /* Challenge17 (iOS) */,
				354B0AB92927EE6F00F66297 /* Challenge17 (macOS) */,
				354B0AC02927EE6F00F66297 /* Tests iOS */,
				354B0ACC2927EE6F00F66297 /* Tests macOS */,
			);
		};
/* End PBXProject section */

/* Begin PBXResourcesBuildPhase section */
		354B0AB22927EE6F00F66297 /* Resources */ = {
			isa = PBXResourcesBuildPhase;
			buildActionMask = 2147483647;
			files = (
				354B0AD92927EE6F00F66297 /* Assets.xcassets in Resources */,
			);
			runOnlyForDeploymentPostprocessing = 0;
		};
		354B0AB82927EE6F00F66297 /* Resources */ = {
			isa = PBXResourcesBuildPhase;
			buildActionMask = 2147483647;
			files = (
				354B0ADA2927EE6F00F66297 /* Assets.xcassets in Resources */,
			);
			runOnlyForDeploymentPostprocessing = 0;
		};
		354B0ABF2927EE6F00F66297 /* Resources */ = {
			isa = PBXResourcesBuildPhase;
			buildActionMask = 2147483647;
			files = (
			);
			runOnlyForDeploymentPostprocessing = 0;
		};
		354B0ACB2927EE6F00F66297 /* Resources */ = {
			isa = PBXResourcesBuildPhase;
			buildActionMask = 2147483647;
			files = (
			);
			runOnlyForDeploymentPostprocessing = 0;
		};
/* End PBXResourcesBuildPhase section */

/* Begin PBXSourcesBuildPhase section */
		354B0AB02927EE6F00F66297 /* Sources */ = {
			isa = PBXSourcesBuildPhase;
			buildActionMask = 2147483647;
			files = (
				354B0AD72927EE6F00F66297 /* ContentView.swift in Sources */,
				354B0AD52927EE6F00F66297 /* Challenge17App.swift in Sources */,
			);
			runOnlyForDeploymentPostprocessing = 0;
		};
		354B0AB62927EE6F00F66297 /* Sources */ = {
			isa = PBXSourcesBuildPhase;
			buildActionMask = 2147483647;
			files = (
				354B0AD82927EE6F00F66297 /* ContentView.swift in Sources */,
				354B0AD62927EE6F00F66297 /* Challenge17App.swift in Sources */,
			);
			runOnlyForDeploymentPostprocessing = 0;
		};
		354B0ABD2927EE6F00F66297 /* Sources */ = {
			isa = PBXSourcesBuildPhase;
			buildActionMask = 2147483647;
			files = (
				354B0AC82927EE6F00F66297 /* Tests_iOSLaunchTests.swift in Sources */,
				354B0AC62927EE6F00F66297 /* Tests_iOS.swift in Sources */,
			);
			runOnlyForDeploymentPostprocessing = 0;
		};
		354B0AC92927EE6F00F66297 /* Sources */ = {
			isa = PBXSourcesBuildPhase;
			buildActionMask = 2147483647;
			files = (
				354B0AD42927EE6F00F66297 /* Tests_macOSLaunchTests.swift in Sources */,
				354B0AD22927EE6F00F66297 /* Tests_macOS.swift in Sources */,
			);
			runOnlyForDeploymentPostprocessing = 0;
		};
/* End PBXSourcesBuildPhase section */

/* Begin PBXTargetDependency section */
		354B0AC32927EE6F00F66297 /* PBXTargetDependency */ = {
			isa = PBXTargetDependency;
			target = 354B0AB32927EE6F00F66297 /* Challenge17 (iOS) */;
			targetProxy = 354B0AC22927EE6F00F66297 /* PBXContainerItemProxy */;
		};
		354B0ACF2927EE6F00F66297 /* PBXTargetDependency */ = {
			isa = PBXTargetDependency;
			target = 354B0AB92927EE6F00F66297 /* Challenge17 (macOS) */;
			targetProxy = 354B0ACE2927EE6F00F66297 /* PBXContainerItemProxy */;
		};
/* End PBXTargetDependency section */

/* Begin XCBuildConfiguration section */
		354B0ADB2927EE6F00F66297 /* Debug */ = {
			isa = XCBuildConfiguration;
			buildSettings = {
				ALWAYS_SEARCH_USER_PATHS = NO;
				CLANG_ANALYZER_NONNULL = YES;
				CLANG_ANALYZER_NUMBER_OBJECT_CONVERSION = YES_AGGRESSIVE;
				CLANG_CXX_LANGUAGE_STANDARD = "gnu++17";
				CLANG_CXX_LIBRARY = "libc++";
				CLANG_ENABLE_MODULES = YES;
				CLANG_ENABLE_OBJC_ARC = YES;
				CLANG_ENABLE_OBJC_WEAK = YES;
				CLANG_WARN_BLOCK_CAPTURE_AUTORELEASING = YES;
				CLANG_WARN_BOOL_CONVERSION = YES;
				CLANG_WARN_COMMA = YES;
				CLANG_WARN_CONSTANT_CONVERSION = YES;
				CLANG_WARN_DEPRECATED_OBJC_IMPLEMENTATIONS = YES;
				CLANG_WARN_DIRECT_OBJC_ISA_USAGE = YES_ERROR;
				CLANG_WARN_DOCUMENTATION_COMMENTS = YES;
				CLANG_WARN_EMPTY_BODY = YES;
				CLANG_WARN_ENUM_CONVERSION = YES;
				CLANG_WARN_INFINITE_RECURSION = YES;
				CLANG_WARN_INT_CONVERSION = YES;
				CLANG_WARN_NON_LITERAL_NULL_CONVERSION = YES;
				CLANG_WARN_OBJC_IMPLICIT_RETAIN_SELF = YES;
				CLANG_WARN_OBJC_LITERAL_CONVERSION = YES;
				CLANG_WARN_OBJC_ROOT_CLASS = YES_ERROR;
				CLANG_WARN_QUOTED_INCLUDE_IN_FRAMEWORK_HEADER = YES;
				CLANG_WARN_RANGE_LOOP_ANALYSIS = YES;
				CLANG_WARN_STRICT_PROTOTYPES = YES;
				CLANG_WARN_SUSPICIOUS_MOVE = YES;
				CLANG_WARN_UNGUARDED_AVAILABILITY = YES_AGGRESSIVE;
				CLANG_WARN_UNREACHABLE_CODE = YES;
				CLANG_WARN__DUPLICATE_METHOD_MATCH = YES;
				COPY_PHASE_STRIP = NO;
				DEBUG_INFORMATION_FORMAT = dwarf;
				ENABLE_STRICT_OBJC_MSGSEND = YES;
				ENABLE_TESTABILITY = YES;
				GCC_C_LANGUAGE_STANDARD = gnu11;
				GCC_DYNAMIC_NO_PIC = NO;
				GCC_NO_COMMON_BLOCKS = YES;
				GCC_OPTIMIZATION_LEVEL = 0;
				GCC_PREPROCESSOR_DEFINITIONS = (
					"DEBUG=1",
					"$(inherited)",
				);
				GCC_WARN_64_TO_32_BIT_CONVERSION = YES;
				GCC_WARN_ABOUT_RETURN_TYPE = YES_ERROR;
				GCC_WARN_UNDECLARED_SELECTOR = YES;
				GCC_WARN_UNINITIALIZED_AUTOS = YES_AGGRESSIVE;
				GCC_WARN_UNUSED_FUNCTION = YES;
				GCC_WARN_UNUSED_VARIABLE = YES;
				MTL_ENABLE_DEBUG_INFO = INCLUDE_SOURCE;
				MTL_FAST_MATH = YES;
				ONLY_ACTIVE_ARCH = YES;
				SWIFT_ACTIVE_COMPILATION_CONDITIONS = DEBUG;
				SWIFT_OPTIMIZATION_LEVEL = "-Onone";
			};
			name = Debug;
		};
		354B0ADC2927EE6F00F66297 /* Release */ = {
			isa = XCBuildConfiguration;
			buildSettings = {
				ALWAYS_SEARCH_USER_PATHS = NO;
				CLANG_ANALYZER_NONNULL = YES;
				CLANG_ANALYZER_NUMBER_OBJECT_CONVERSION = YES_AGGRESSIVE;
				CLANG_CXX_LANGUAGE_STANDARD = "gnu++17";
				CLANG_CXX_LIBRARY = "libc++";
				CLANG_ENABLE_MODULES = YES;
				CLANG_ENABLE_OBJC_ARC = YES;
				CLANG_ENABLE_OBJC_WEAK = YES;
				CLANG_WARN_BLOCK_CAPTURE_AUTORELEASING = YES;
				CLANG_WARN_BOOL_CONVERSION = YES;
				CLANG_WARN_COMMA = YES;
				CLANG_WARN_CONSTANT_CONVERSION = YES;
				CLANG_WARN_DEPRECATED_OBJC_IMPLEMENTATIONS = YES;
				CLANG_WARN_DIRECT_OBJC_ISA_USAGE = YES_ERROR;
				CLANG_WARN_DOCUMENTATION_COMMENTS = YES;
				CLANG_WARN_EMPTY_BODY = YES;
				CLANG_WARN_ENUM_CONVERSION = YES;
				CLANG_WARN_INFINITE_RECURSION = YES;
				CLANG_WARN_INT_CONVERSION = YES;
				CLANG_WARN_NON_LITERAL_NULL_CONVERSION = YES;
				CLANG_WARN_OBJC_IMPLICIT_RETAIN_SELF = YES;
				CLANG_WARN_OBJC_LITERAL_CONVERSION = YES;
				CLANG_WARN_OBJC_ROOT_CLASS = YES_ERROR;
				CLANG_WARN_QUOTED_INCLUDE_IN_FRAMEWORK_HEADER = YES;
				CLANG_WARN_RANGE_LOOP_ANALYSIS = YES;
				CLANG_WARN_STRICT_PROTOTYPES = YES;
				CLANG_WARN_SUSPICIOUS_MOVE = YES;
				CLANG_WARN_UNGUARDED_AVAILABILITY = YES_AGGRESSIVE;
				CLANG_WARN_UNREACHABLE_CODE = YES;
				CLANG_WARN__DUPLICATE_METHOD_MATCH = YES;
				COPY_PHASE_STRIP = NO;
				DEBUG_INFORMATION_FORMAT = "dwarf-with-dsym";
				ENABLE_NS_ASSERTIONS = NO;
				ENABLE_STRICT_OBJC_MSGSEND = YES;
				GCC_C_LANGUAGE_STANDARD = gnu11;
				GCC_NO_COMMON_BLOCKS = YES;
				GCC_WARN_64_TO_32_BIT_CONVERSION = YES;
				GCC_WARN_ABOUT_RETURN_TYPE = YES_ERROR;
				GCC_WARN_UNDECLARED_SELECTOR = YES;
				GCC_WARN_UNINITIALIZED_AUTOS = YES_AGGRESSIVE;
				GCC_WARN_UNUSED_FUNCTION = YES;
				GCC_WARN_UNUSED_VARIABLE = YES;
				MTL_ENABLE_DEBUG_INFO = NO;
				MTL_FAST_MATH = YES;
				SWIFT_COMPILATION_MODE = wholemodule;
				SWIFT_OPTIMIZATION_LEVEL = "-O";
			};
			name = Release;
		};
		354B0ADE2927EE6F00F66297 /* Debug */ = {
			isa = XCBuildConfiguration;
			buildSettings = {
				ASSETCATALOG_COMPILER_APPICON_NAME = AppIcon;
				ASSETCATALOG_COMPILER_GLOBAL_ACCENT_COLOR_NAME = AccentColor;
				CODE_SIGN_STYLE = Automatic;
				CURRENT_PROJECT_VERSION = 1;
				ENABLE_PREVIEWS = YES;
				GENERATE_INFOPLIST_FILE = YES;
				INFOPLIST_KEY_UIApplicationSceneManifest_Generation = YES;
				INFOPLIST_KEY_UIApplicationSupportsIndirectInputEvents = YES;
				INFOPLIST_KEY_UILaunchScreen_Generation = YES;
				INFOPLIST_KEY_UISupportedInterfaceOrientations_iPad = "UIInterfaceOrientationPortrait UIInterfaceOrientationPortraitUpsideDown UIInterfaceOrientationLandscapeLeft UIInterfaceOrientationLandscapeRight";
				INFOPLIST_KEY_UISupportedInterfaceOrientations_iPhone = "UIInterfaceOrientationPortrait UIInterfaceOrientationLandscapeLeft UIInterfaceOrientationLandscapeRight";
				IPHONEOS_DEPLOYMENT_TARGET = 15.2;
				LD_RUNPATH_SEARCH_PATHS = (
					"$(inherited)",
					"@executable_path/Frameworks",
				);
				MARKETING_VERSION = 1.0;
				PRODUCT_BUNDLE_IDENTIFIER = "Henry-Hart-School.Challenge17";
				PRODUCT_NAME = Challenge17;
				SDKROOT = iphoneos;
				SWIFT_EMIT_LOC_STRINGS = YES;
				SWIFT_VERSION = 5.0;
				TARGETED_DEVICE_FAMILY = "1,2";
			};
			name = Debug;
		};
		354B0ADF2927EE6F00F66297 /* Release */ = {
			isa = XCBuildConfiguration;
			buildSettings = {
				ASSETCATALOG_COMPILER_APPICON_NAME = AppIcon;
				ASSETCATALOG_COMPILER_GLOBAL_ACCENT_COLOR_NAME = AccentColor;
				CODE_SIGN_STYLE = Automatic;
				CURRENT_PROJECT_VERSION = 1;
				ENABLE_PREVIEWS = YES;
				GENERATE_INFOPLIST_FILE = YES;
				INFOPLIST_KEY_UIApplicationSceneManifest_Generation = YES;
				INFOPLIST_KEY_UIApplicationSupportsIndirectInputEvents = YES;
				INFOPLIST_KEY_UILaunchScreen_Generation = YES;
				INFOPLIST_KEY_UISupportedInterfaceOrientations_iPad = "UIInterfaceOrientationPortrait UIInterfaceOrientationPortraitUpsideDown UIInterfaceOrientationLandscapeLeft UIInterfaceOrientationLandscapeRight";
				INFOPLIST_KEY_UISupportedInterfaceOrientations_iPhone = "UIInterfaceOrientationPortrait UIInterfaceOrientationLandscapeLeft UIInterfaceOrientationLandscapeRight";
				IPHONEOS_DEPLOYMENT_TARGET = 15.2;
				LD_RUNPATH_SEARCH_PATHS = (
					"$(inherited)",
					"@executable_path/Frameworks",
				);
				MARKETING_VERSION = 1.0;
				PRODUCT_BUNDLE_IDENTIFIER = "Henry-Hart-School.Challenge17";
				PRODUCT_NAME = Challenge17;
				SDKROOT = iphoneos;
				SWIFT_EMIT_LOC_STRINGS = YES;
				SWIFT_VERSION = 5.0;
				TARGETED_DEVICE_FAMILY = "1,2";
				VALIDATE_PRODUCT = YES;
			};
			name = Release;
		};
		354B0AE12927EE6F00F66297 /* Debug */ = {
			isa = XCBuildConfiguration;
			buildSettings = {
				ASSETCATALOG_COMPILER_APPICON_NAME = AppIcon;
				ASSETCATALOG_COMPILER_GLOBAL_ACCENT_COLOR_NAME = AccentColor;
				CODE_SIGN_ENTITLEMENTS = macOS/macOS.entitlements;
				CODE_SIGN_STYLE = Automatic;
				COMBINE_HIDPI_IMAGES = YES;
				CURRENT_PROJECT_VERSION = 1;
				ENABLE_PREVIEWS = YES;
				GENERATE_INFOPLIST_FILE = YES;
				INFOPLIST_KEY_NSHumanReadableCopyright = "";
				LD_RUNPATH_SEARCH_PATHS = (
					"$(inherited)",
					"@executable_path/../Frameworks",
				);
				MACOSX_DEPLOYMENT_TARGET = 11.5;
				MARKETING_VERSION = 1.0;
				PRODUCT_BUNDLE_IDENTIFIER = "Henry-Hart-School.Challenge17";
				PRODUCT_NAME = Challenge17;
				SDKROOT = macosx;
				SWIFT_EMIT_LOC_STRINGS = YES;
				SWIFT_VERSION = 5.0;
			};
			name = Debug;
		};
		354B0AE22927EE6F00F66297 /* Release */ = {
			isa = XCBuildConfiguration;
			buildSettings = {
				ASSETCATALOG_COMPILER_APPICON_NAME = AppIcon;
				ASSETCATALOG_COMPILER_GLOBAL_ACCENT_COLOR_NAME = AccentColor;
				CODE_SIGN_ENTITLEMENTS = macOS/macOS.entitlements;
				CODE_SIGN_STYLE = Automatic;
				COMBINE_HIDPI_IMAGES = YES;
				CURRENT_PROJECT_VERSION = 1;
				ENABLE_PREVIEWS = YES;
				GENERATE_INFOPLIST_FILE = YES;
				INFOPLIST_KEY_NSHumanReadableCopyright = "";
				LD_RUNPATH_SEARCH_PATHS = (
					"$(inherited)",
					"@executable_path/../Frameworks",
				);
				MACOSX_DEPLOYMENT_TARGET = 11.5;
				MARKETING_VERSION = 1.0;
				PRODUCT_BUNDLE_IDENTIFIER = "Henry-Hart-School.Challenge17";
				PRODUCT_NAME = Challenge17;
				SDKROOT = macosx;
				SWIFT_EMIT_LOC_STRINGS = YES;
				SWIFT_VERSION = 5.0;
			};
			name = Release;
		};
		354B0AE42927EE6F00F66297 /* Debug */ = {
			isa = XCBuildConfiguration;
			buildSettings = {
				ALWAYS_EMBED_SWIFT_STANDARD_LIBRARIES = YES;
				CODE_SIGN_STYLE = Automatic;
				CURRENT_PROJECT_VERSION = 1;
				GENERATE_INFOPLIST_FILE = YES;
				IPHONEOS_DEPLOYMENT_TARGET = 15.2;
				MARKETING_VERSION = 1.0;
				PRODUCT_BUNDLE_IDENTIFIER = "Henry-Hart-School.Tests-iOS";
				PRODUCT_NAME = "$(TARGET_NAME)";
				SDKROOT = iphoneos;
				SWIFT_EMIT_LOC_STRINGS = NO;
				SWIFT_VERSION = 5.0;
				TARGETED_DEVICE_FAMILY = "1,2";
				TEST_TARGET_NAME = "Challenge17 (iOS)";
			};
			name = Debug;
		};
		354B0AE52927EE6F00F66297 /* Release */ = {
			isa = XCBuildConfiguration;
			buildSettings = {
				ALWAYS_EMBED_SWIFT_STANDARD_LIBRARIES = YES;
				CODE_SIGN_STYLE = Automatic;
				CURRENT_PROJECT_VERSION = 1;
				GENERATE_INFOPLIST_FILE = YES;
				IPHONEOS_DEPLOYMENT_TARGET = 15.2;
				MARKETING_VERSION = 1.0;
				PRODUCT_BUNDLE_IDENTIFIER = "Henry-Hart-School.Tests-iOS";
				PRODUCT_NAME = "$(TARGET_NAME)";
				SDKROOT = iphoneos;
				SWIFT_EMIT_LOC_STRINGS = NO;
				SWIFT_VERSION = 5.0;
				TARGETED_DEVICE_FAMILY = "1,2";
				TEST_TARGET_NAME = "Challenge17 (iOS)";
				VALIDATE_PRODUCT = YES;
			};
			name = Release;
		};
		354B0AE72927EE6F00F66297 /* Debug */ = {
			isa = XCBuildConfiguration;
			buildSettings = {
				ALWAYS_EMBED_SWIFT_STANDARD_LIBRARIES = YES;
				CODE_SIGN_STYLE = Automatic;
				CURRENT_PROJECT_VERSION = 1;
				GENERATE_INFOPLIST_FILE = YES;
				MACOSX_DEPLOYMENT_TARGET = 11.5;
				MARKETING_VERSION = 1.0;
				PRODUCT_BUNDLE_IDENTIFIER = "Henry-Hart-School.Tests-macOS";
				PRODUCT_NAME = "$(TARGET_NAME)";
				SDKROOT = macosx;
				SWIFT_EMIT_LOC_STRINGS = NO;
				SWIFT_VERSION = 5.0;
				TEST_TARGET_NAME = "Challenge17 (macOS)";
			};
			name = Debug;
		};
		354B0AE82927EE6F00F66297 /* Release */ = {
			isa = XCBuildConfiguration;
			buildSettings = {
				ALWAYS_EMBED_SWIFT_STANDARD_LIBRARIES = YES;
				CODE_SIGN_STYLE = Automatic;
				CURRENT_PROJECT_VERSION = 1;
				GENERATE_INFOPLIST_FILE = YES;
				MACOSX_DEPLOYMENT_TARGET = 11.5;
				MARKETING_VERSION = 1.0;
				PRODUCT_BUNDLE_IDENTIFIER = "Henry-Hart-School.Tests-macOS";
				PRODUCT_NAME = "$(TARGET_NAME)";
				SDKROOT = macosx;
				SWIFT_EMIT_LOC_STRINGS = NO;
				SWIFT_VERSION = 5.0;
				TEST_TARGET_NAME = "Challenge17 (macOS)";
			};
			name = Release;
		};
/* End XCBuildConfiguration section */

/* Begin XCConfigurationList section */
		354B0AAB2927EE6E00F66297 /* Build configuration list for PBXProject "Challenge17" */ = {
			isa = XCConfigurationList;
			buildConfigurations = (
				354B0ADB2927EE6F00F66297 /* Debug */,
				354B0ADC2927EE6F00F66297 /* Release */,
			);
			defaultConfigurationIsVisible = 0;
			defaultConfigurationName = Release;
		};
		354B0ADD2927EE6F00F66297 /* Build configuration list for PBXNativeTarget "Challenge17 (iOS)" */ = {
			isa = XCConfigurationList;
			buildConfigurations = (
				354B0ADE2927EE6F00F66297 /* Debug */,
				354B0ADF2927EE6F00F66297 /* Release */,
			);
			defaultConfigurationIsVisible = 0;
			defaultConfigurationName = Release;
		};
		354B0AE02927EE6F00F66297 /* Build configuration list for PBXNativeTarget "Challenge17 (macOS)" */ = {
			isa = XCConfigurationList;
			buildConfigurations = (
				354B0AE12927EE6F00F66297 /* Debug */,
				354B0AE22927EE6F00F66297 /* Release */,
			);
			defaultConfigurationIsVisible = 0;
			defaultConfigurationName = Release;
		};
		354B0AE32927EE6F00F66297 /* Build configuration list for PBXNativeTarget "Tests iOS" */ = {
			isa = XCConfigurationList;
			buildConfigurations = (
				354B0AE42927EE6F00F66297 /* Debug */,
				354B0AE52927EE6F00F66297 /* Release */,
			);
			defaultConfigurationIsVisible = 0;
			defaultConfigurationName = Release;
		};
		354B0AE62927EE6F00F66297 /* Build configuration list for PBXNativeTarget "Tests macOS" */ = {
			isa = XCConfigurationList;
			buildConfigurations = (
				354B0AE72927EE6F00F66297 /* Debug */,
				354B0AE82927EE6F00F66297 /* Release */,
			);
			defaultConfigurationIsVisible = 0;
			defaultConfigurationName = Release;
		};
/* End XCConfigurationList section */
	};
	rootObject = 354B0AA82927EE6E00F66297 /* Project object */;
}
